
Microsoft Visual Studio Solution File, Format Version 12.00
# Visual Studio Version 17
VisualStudioVersion = 17.3.32825.248
MinimumVisualStudioVersion = 10.0.40219.1
Project("{FAE04EC0-301F-11D3-BF4B-00C04F79EFBC}") = "Lab1", "Lab1\Lab1.csproj", "{965F5B6D-52B1-4B37-BAD2-8341645DDE43}"
EndProject
Global
	GlobalSection(SolutionConfigurationPlatforms) = preSolution
		Debug|Any CPU = Debug|Any CPU
		Release|Any CPU = Release|Any CPU
	EndGlobalSection
	GlobalSection(ProjectConfigurationPlatforms) = postSolution
		{965F5B6D-52B1-4B37-BAD2-8341645DDE43}.Debug|Any CPU.ActiveCfg = Debug|Any CPU
		{965F5B6D-52B1-4B37-BAD2-8341645DDE43}.Debug|Any CPU.Build.0 = Debug|Any CPU
		{965F5B6D-52B1-4B37-BAD2-8341645DDE43}.Release|Any CPU.ActiveCfg = Release|Any CPU
		{965F5B6D-52B1-4B37-BAD2-8341645DDE43}.Release|Any CPU.Build.0 = Release|Any CPU
	EndGlobalSection
	GlobalSection(SolutionProperties) = preSolution
		HideSolutionNode = FALSE
	EndGlobalSection
	GlobalSection(ExtensibilityGlobals) = postSolution
		SolutionGuid = {19ACCE43-C822-4658-AE83-4DB039CD0869}
	EndGlobalSection
EndGlobal
